// !$*UTF8*$!
{
	archiveVersion = 1;
	classes = {
	};
	objectVersion = 46;
	objects = {

/* Begin PBXBuildFile section */
		455F80D11E758E6B000F556A /* TableViewController.swift in Sources */ = {isa = PBXBuildFile; fileRef = 455F80D01E758E6B000F556A /* TableViewController.swift */; };
		455F80D31E759954000F556A /* DataStore.swift in Sources */ = {isa = PBXBuildFile; fileRef = 455F80D21E759954000F556A /* DataStore.swift */; };
		45B998911E7505D100EC7AC1 /* AppDelegate.swift in Sources */ = {isa = PBXBuildFile; fileRef = 45B998901E7505D100EC7AC1 /* AppDelegate.swift */; };
		45B998931E7505D100EC7AC1 /* ViewController.swift in Sources */ = {isa = PBXBuildFile; fileRef = 45B998921E7505D100EC7AC1 /* ViewController.swift */; };
		45B998961E7505D100EC7AC1 /* Main.storyboard in Resources */ = {isa = PBXBuildFile; fileRef = 45B998941E7505D100EC7AC1 /* Main.storyboard */; };
		45B998981E7505D100EC7AC1 /* Assets.xcassets in Resources */ = {isa = PBXBuildFile; fileRef = 45B998971E7505D100EC7AC1 /* Assets.xcassets */; };
		45B9989B1E7505D100EC7AC1 /* LaunchScreen.storyboard in Resources */ = {isa = PBXBuildFile; fileRef = 45B998991E7505D100EC7AC1 /* LaunchScreen.storyboard */; };
		45B998A31E75072E00EC7AC1 /* ShoppingItem.swift in Sources */ = {isa = PBXBuildFile; fileRef = 45B998A21E75072E00EC7AC1 /* ShoppingItem.swift */; };
/* End PBXBuildFile section */

/* Begin PBXFileReference section */
		455F80D01E758E6B000F556A /* TableViewController.swift */ = {isa = PBXFileReference; fileEncoding = 4; lastKnownFileType = sourcecode.swift; path = TableViewController.swift; sourceTree = "<group>"; };
		455F80D21E759954000F556A /* DataStore.swift */ = {isa = PBXFileReference; fileEncoding = 4; lastKnownFileType = sourcecode.swift; path = DataStore.swift; sourceTree = "<group>"; };
		45B9988D1E7505D100EC7AC1 /* NSKeyedArchiverBlog.app */ = {isa = PBXFileReference; explicitFileType = wrapper.application; includeInIndex = 0; path = NSKeyedArchiverBlog.app; sourceTree = BUILT_PRODUCTS_DIR; };
		45B998901E7505D100EC7AC1 /* AppDelegate.swift */ = {isa = PBXFileReference; lastKnownFileType = sourcecode.swift; path = AppDelegate.swift; sourceTree = "<group>"; };
		45B998921E7505D100EC7AC1 /* ViewController.swift */ = {isa = PBXFileReference; lastKnownFileType = sourcecode.swift; path = ViewController.swift; sourceTree = "<group>"; };
		45B998951E7505D100EC7AC1 /* Base */ = {isa = PBXFileReference; lastKnownFileType = file.storyboard; name = Base; path = Base.lproj/Main.storyboard; sourceTree = "<group>"; };
		45B998971E7505D100EC7AC1 /* Assets.xcassets */ = {isa = PBXFileReference; lastKnownFileType = folder.assetcatalog; path = Assets.xcassets; sourceTree = "<group>"; };
		45B9989A1E7505D100EC7AC1 /* Base */ = {isa = PBXFileReference; lastKnownFileType = file.storyboard; name = Base; path = Base.lproj/LaunchScreen.storyboard; sourceTree = "<group>"; };
		45B9989C1E7505D100EC7AC1 /* Info.plist */ = {isa = PBXFileReference; lastKnownFileType = text.plist.xml; path = Info.plist; sourceTree = "<group>"; };
		45B998A21E75072E00EC7AC1 /* ShoppingItem.swift */ = {isa = PBXFileReference; fileEncoding = 4; lastKnownFileType = sourcecode.swift; path = ShoppingItem.swift; sourceTree = "<group>"; };
		D3E6FC8A22E735A30036CADB /* 2Common-iOS.xcconfig */ = {isa = PBXFileReference; lastKnownFileType = text.xcconfig; path = "2Common-iOS.xcconfig"; sourceTree = "<group>"; };
		D3E6FC8B22E735A30036CADB /* App-Debug.xcconfig */ = {isa = PBXFileReference; lastKnownFileType = text.xcconfig; path = "App-Debug.xcconfig"; sourceTree = "<group>"; };
		D3E6FC8C22E735A30036CADB /* App-Release.xcconfig */ = {isa = PBXFileReference; lastKnownFileType = text.xcconfig; path = "App-Release.xcconfig"; sourceTree = "<group>"; };
		D3E6FC8D22E735A30036CADB /* App-Shared.xcconfig */ = {isa = PBXFileReference; lastKnownFileType = text.xcconfig; path = "App-Shared.xcconfig"; sourceTree = "<group>"; };
		D3E6FC8E22E735A30036CADB /* 1XcodeWarnings.xcconfig */ = {isa = PBXFileReference; lastKnownFileType = text.xcconfig; path = 1XcodeWarnings.xcconfig; sourceTree = "<group>"; };
/* End PBXFileReference section */

/* Begin PBXFrameworksBuildPhase section */
		45B9988A1E7505D100EC7AC1 /* Frameworks */ = {
			isa = PBXFrameworksBuildPhase;
			buildActionMask = 2147483647;
			files = (
			);
			runOnlyForDeploymentPostprocessing = 0;
		};
/* End PBXFrameworksBuildPhase section */

/* Begin PBXGroup section */
		455F80D41E75A205000F556A /* ViewControllers */ = {
			isa = PBXGroup;
			children = (
				45B998921E7505D100EC7AC1 /* ViewController.swift */,
				455F80D01E758E6B000F556A /* TableViewController.swift */,
			);
			name = ViewControllers;
			sourceTree = "<group>";
		};
		455F80D51E75A20E000F556A /* Views */ = {
			isa = PBXGroup;
			children = (
				45B998941E7505D100EC7AC1 /* Main.storyboard */,
				45B998991E7505D100EC7AC1 /* LaunchScreen.storyboard */,
			);
			name = Views;
			sourceTree = "<group>";
		};
		455F80D61E75A216000F556A /* Models */ = {
			isa = PBXGroup;
			children = (
				455F80D21E759954000F556A /* DataStore.swift */,
				45B998A21E75072E00EC7AC1 /* ShoppingItem.swift */,
			);
			name = Models;
			sourceTree = "<group>";
		};
		45B998841E7505D100EC7AC1 = {
			isa = PBXGroup;
			children = (
				D3E6FC8922E735A30036CADB /* XCConfig */,
				45B9988F1E7505D100EC7AC1 /* NSKeyedArchiverBlog */,
				45B9988E1E7505D100EC7AC1 /* Products */,
			);
			sourceTree = "<group>";
		};
		45B9988E1E7505D100EC7AC1 /* Products */ = {
			isa = PBXGroup;
			children = (
				45B9988D1E7505D100EC7AC1 /* NSKeyedArchiverBlog.app */,
			);
			name = Products;
			sourceTree = "<group>";
		};
		45B9988F1E7505D100EC7AC1 /* NSKeyedArchiverBlog */ = {
			isa = PBXGroup;
			children = (
				45B998901E7505D100EC7AC1 /* AppDelegate.swift */,
				455F80D41E75A205000F556A /* ViewControllers */,
				455F80D51E75A20E000F556A /* Views */,
				455F80D61E75A216000F556A /* Models */,
				45B998971E7505D100EC7AC1 /* Assets.xcassets */,
				45B9989C1E7505D100EC7AC1 /* Info.plist */,
			);
			path = NSKeyedArchiverBlog;
			sourceTree = "<group>";
		};
		D3E6FC8922E735A30036CADB /* XCConfig */ = {
			isa = PBXGroup;
			children = (
				D3E6FC8E22E735A30036CADB /* 1XcodeWarnings.xcconfig */,
				D3E6FC8A22E735A30036CADB /* 2Common-iOS.xcconfig */,
				D3E6FC8B22E735A30036CADB /* App-Debug.xcconfig */,
				D3E6FC8C22E735A30036CADB /* App-Release.xcconfig */,
				D3E6FC8D22E735A30036CADB /* App-Shared.xcconfig */,
			);
			path = XCConfig;
			sourceTree = "<group>";
		};
/* End PBXGroup section */

/* Begin PBXNativeTarget section */
		45B9988C1E7505D100EC7AC1 /* NSKeyedArchiverBlog */ = {
			isa = PBXNativeTarget;
			buildConfigurationList = 45B9989F1E7505D100EC7AC1 /* Build configuration list for PBXNativeTarget "NSKeyedArchiverBlog" */;
			buildPhases = (
				45B998891E7505D100EC7AC1 /* Sources */,
				45B9988A1E7505D100EC7AC1 /* Frameworks */,
				45B9988B1E7505D100EC7AC1 /* Resources */,
			);
			buildRules = (
			);
			dependencies = (
			);
			name = NSKeyedArchiverBlog;
			productName = NSKeyedArchiverBlog;
			productReference = 45B9988D1E7505D100EC7AC1 /* NSKeyedArchiverBlog.app */;
			productType = "com.apple.product-type.application";
		};
/* End PBXNativeTarget section */

/* Begin PBXProject section */
		45B998851E7505D100EC7AC1 /* Project object */ = {
			isa = PBXProject;
			attributes = {
				LastSwiftUpdateCheck = 0820;
				LastUpgradeCheck = 1030;
				ORGANIZATIONNAME = "Erica Millado";
				TargetAttributes = {
					45B9988C1E7505D100EC7AC1 = {
						CreatedOnToolsVersion = 8.2.1;
						DevelopmentTeam = 2WW9KC8P4G;
						ProvisioningStyle = Automatic;
					};
				};
			};
			buildConfigurationList = 45B998881E7505D100EC7AC1 /* Build configuration list for PBXProject "NSKeyedArchiverBlog" */;
			compatibilityVersion = "Xcode 3.2";
			developmentRegion = en;
			hasScannedForEncodings = 0;
			knownRegions = (
				en,
				Base,
			);
			mainGroup = 45B998841E7505D100EC7AC1;
			productRefGroup = 45B9988E1E7505D100EC7AC1 /* Products */;
			projectDirPath = "";
			projectRoot = "";
			targets = (
				45B9988C1E7505D100EC7AC1 /* NSKeyedArchiverBlog */,
			);
		};
/* End PBXProject section */

/* Begin PBXResourcesBuildPhase section */
		45B9988B1E7505D100EC7AC1 /* Resources */ = {
			isa = PBXResourcesBuildPhase;
			buildActionMask = 2147483647;
			files = (
				45B9989B1E7505D100EC7AC1 /* LaunchScreen.storyboard in Resources */,
				45B998981E7505D100EC7AC1 /* Assets.xcassets in Resources */,
				45B998961E7505D100EC7AC1 /* Main.storyboard in Resources */,
			);
			runOnlyForDeploymentPostprocessing = 0;
		};
/* End PBXResourcesBuildPhase section */

/* Begin PBXSourcesBuildPhase section */
		45B998891E7505D100EC7AC1 /* Sources */ = {
			isa = PBXSourcesBuildPhase;
			buildActionMask = 2147483647;
			files = (
				45B998A31E75072E00EC7AC1 /* ShoppingItem.swift in Sources */,
				45B998931E7505D100EC7AC1 /* ViewController.swift in Sources */,
				45B998911E7505D100EC7AC1 /* AppDelegate.swift in Sources */,
				455F80D31E759954000F556A /* DataStore.swift in Sources */,
				455F80D11E758E6B000F556A /* TableViewController.swift in Sources */,
			);
			runOnlyForDeploymentPostprocessing = 0;
		};
/* End PBXSourcesBuildPhase section */

/* Begin PBXVariantGroup section */
		45B998941E7505D100EC7AC1 /* Main.storyboard */ = {
			isa = PBXVariantGroup;
			children = (
				45B998951E7505D100EC7AC1 /* Base */,
			);
			name = Main.storyboard;
			sourceTree = "<group>";
		};
		45B998991E7505D100EC7AC1 /* LaunchScreen.storyboard */ = {
			isa = PBXVariantGroup;
			children = (
				45B9989A1E7505D100EC7AC1 /* Base */,
			);
			name = LaunchScreen.storyboard;
			sourceTree = "<group>";
		};
/* End PBXVariantGroup section */

/* Begin XCBuildConfiguration section */
		45B9989D1E7505D100EC7AC1 /* Debug */ = {
			isa = XCBuildConfiguration;
			buildSettings = {
			};
			name = Debug;
		};
		45B9989E1E7505D100EC7AC1 /* Release */ = {
			isa = XCBuildConfiguration;
			buildSettings = {
			};
			name = Release;
		};
		45B998A01E7505D100EC7AC1 /* Debug */ = {
			isa = XCBuildConfiguration;
			baseConfigurationReference = D3E6FC8B22E735A30036CADB /* App-Debug.xcconfig */;
			buildSettings = {
			};
			name = Debug;
		};
		45B998A11E7505D100EC7AC1 /* Release */ = {
			isa = XCBuildConfiguration;
			baseConfigurationReference = D3E6FC8C22E735A30036CADB /* App-Release.xcconfig */;
			buildSettings = {
			};
			name = Release;
		};
/* End XCBuildConfiguration section */

/* Begin XCConfigurationList section */
		45B998881E7505D100EC7AC1 /* Build configuration list for PBXProject "NSKeyedArchiverBlog" */ = {
			isa = XCConfigurationList;
			buildConfigurations = (
				45B9989D1E7505D100EC7AC1 /* Debug */,
				45B9989E1E7505D100EC7AC1 /* Release */,
			);
			defaultConfigurationIsVisible = 0;
			defaultConfigurationName = Release;
		};
		45B9989F1E7505D100EC7AC1 /* Build configuration list for PBXNativeTarget "NSKeyedArchiverBlog" */ = {
			isa = XCConfigurationList;
			buildConfigurations = (
				45B998A01E7505D100EC7AC1 /* Debug */,
				45B998A11E7505D100EC7AC1 /* Release */,
			);
			defaultConfigurationIsVisible = 0;
			defaultConfigurationName = Release;
		};
/* End XCConfigurationList section */
	};
	rootObject = 45B998851E7505D100EC7AC1 /* Project object */;
}
